# THIS IS AN AUTOGENERATED FILE. DO NOT EDIT THIS FILE DIRECTLY.
# yarn lockfile v1


"@rocketseat/unform@^1.6.2":
  version "1.6.2"
  resolved "https://registry.yarnpkg.com/@rocketseat/unform/-/unform-1.6.2.tgz#7ed267589602f33bb6397c0a5b0596f6ec2bccb9"
  integrity sha512-jmieDJkFT+QeBu59Fm1NCT2Emmj+dKAE/b7d4jS5bddMw2OOnray+h2EvJsg5EERI2BtzxkVkMzjByxq8Qq3GA==
